
Microsoft Visual Studio Solution File, Format Version 12.00
# Visual Studio Version 16
VisualStudioVersion = 16.0.32126.315
MinimumVisualStudioVersion = 10.0.40219.1
Project("{FAE04EC0-301F-11D3-BF4B-00C04F79EFBC}") = "TROMP", "TROMP.csproj", "{BF10CD39-D252-450A-A526-D7C1E2548CB2}"
EndProject
Project("{FAE04EC0-301F-11D3-BF4B-00C04F79EFBC}") = "TestProject1", "..\TestProject1\TestProject1.csproj", "{314DEE9D-3BB2-43A6-A4ED-321133493903}"
EndProject
Global
	GlobalSection(SolutionConfigurationPlatforms) = preSolution
		Debug|Any CPU = Debug|Any CPU
		Release|Any CPU = Release|Any CPU
	EndGlobalSection
	GlobalSection(ProjectConfigurationPlatforms) = postSolution
		{BF10CD39-D252-450A-A526-D7C1E2548CB2}.Debug|Any CPU.ActiveCfg = Debug|Any CPU
		{BF10CD39-D252-450A-A526-D7C1E2548CB2}.Debug|Any CPU.Build.0 = Debug|Any CPU
		{BF10CD39-D252-450A-A526-D7C1E2548CB2}.Release|Any CPU.ActiveCfg = Release|Any CPU
		{BF10CD39-D252-450A-A526-D7C1E2548CB2}.Release|Any CPU.Build.0 = Release|Any CPU
		{314DEE9D-3BB2-43A6-A4ED-321133493903}.Debug|Any CPU.ActiveCfg = Debug|Any CPU
		{314DEE9D-3BB2-43A6-A4ED-321133493903}.Debug|Any CPU.Build.0 = Debug|Any CPU
		{314DEE9D-3BB2-43A6-A4ED-321133493903}.Release|Any CPU.ActiveCfg = Release|Any CPU
		{314DEE9D-3BB2-43A6-A4ED-321133493903}.Release|Any CPU.Build.0 = Release|Any CPU
	EndGlobalSection
	GlobalSection(SolutionProperties) = preSolution
		HideSolutionNode = FALSE
	EndGlobalSection
	GlobalSection(ExtensibilityGlobals) = postSolution
		SolutionGuid = {E5E35D0F-E4C2-4560-B981-325EED7AF0DC}
	EndGlobalSection
EndGlobal
